{
    "_meta": {
        "hash": {
            "sha256": "4f532bb2d01b661ce92023c1324a3efb76d8ccb3fb90087060611d186f8db85a"
        },
        "pipfile-spec": 6,
        "requires": {
            "python_version": "3.7"
        },
        "sources": [
            {
                "name": "pypi",
                "url": "https://pypi.org/simple",
                "verify_ssl": true
            }
        ]
    },
    "default": {
        "annotated-types": {
            "hashes": [
                "sha256:47cdc3490d9ac1506ce92c7aaa76c579dc3509ff11e098fc867e5130ab7be802",
                "sha256:58da39888f92c276ad970249761ebea80ba544b77acddaa1a4d6cf78287d45fd"
            ],
            "markers": "python_version >= '3.7'",
            "version": "==0.5.0"
        },
        "dnspython": {
            "hashes": [
                "sha256:224e32b03eb46be70e12ef6d64e0be123a64e621ab4c0822ff6d450d52a540b9",
                "sha256:89141536394f909066cabd112e3e1a37e4e654db00a25308b0f130bc3152eb46"
            ],
            "markers": "python_version >= '3.7' and python_version < '4.0'",
            "version": "==2.3.0"
        },
        "importlib-metadata": {
            "hashes": [
                "sha256:1aaf550d4f73e5d6783e7acb77aec43d49da8017410afae93822cc9cca98c4d4",
                "sha256:cb52082e659e97afc5dac71e79de97d8681de3aa07ff18578330904a9d18e5b5"
            ],
            "markers": "python_version == '3.7'",
            "version": "==6.7.0"
        },
        "pydantic": {
            "hashes": [
                "sha256:b3ef57c62535b0941697cce638c08900d87fcb67e29cfa99e8a68f747f393f7a",
                "sha256:d0caf5954bee831b6bfe7e338c32b9e30c85dfe080c843680783ac2b631673b4"
            ],
            "index": "pypi",
            "version": "==2.5.3"
        },
        "pydantic-core": {
            "hashes": [
                "sha256:00646784f6cd993b1e1c0e7b0fdcbccc375d539db95555477771c27555e3c556",
                "sha256:00b1087dabcee0b0ffd104f9f53d7d3eaddfaa314cdd6726143af6bc713aa27e",
                "sha256:0348b1dc6b76041516e8a854ff95b21c55f5a411c3297d2ca52f5528e49d8411",
                "sha256:036137b5ad0cb0004c75b579445a1efccd072387a36c7f217bb8efd1afbe5245",
                "sha256:095b707bb287bfd534044166ab767bec70a9bba3175dcdc3371782175c14e43c",
                "sha256:0c08de15d50fa190d577e8591f0329a643eeaed696d7771760295998aca6bc66",
                "sha256:1302a54f87b5cd8528e4d6d1bf2133b6aa7c6122ff8e9dc5220fbc1e07bffebd",
                "sha256:172de779e2a153d36ee690dbc49c6db568d7b33b18dc56b69a7514aecbcf380d",
                "sha256:1b027c86c66b8627eb90e57aee1f526df77dc6d8b354ec498be9a757d513b92b",
                "sha256:1ce830e480f6774608dedfd4a90c42aac4a7af0a711f1b52f807130c2e434c06",
                "sha256:1fd0c1d395372843fba13a51c28e3bb9d59bd7aebfeb17358ffaaa1e4dbbe948",
                "sha256:23598acb8ccaa3d1d875ef3b35cb6376535095e9405d91a3d57a8c7db5d29341",
                "sha256:24368e31be2c88bd69340fbfe741b405302993242ccb476c5c3ff48aeee1afe0",
                "sha256:26a92ae76f75d1915806b77cf459811e772d8f71fd1e4339c99750f0e7f6324f",
                "sha256:27e524624eace5c59af499cd97dc18bb201dc6a7a2da24bfc66ef151c69a5f2a",
                "sha256:2b8719037e570639e6b665a4050add43134d80b687288ba3ade18b22bbb29dd2",
                "sha256:2c5bcf3414367e29f83fd66f7de64509a8fd2368b1edf4351e862910727d3e51",
                "sha256:2dbe357bc4ddda078f79d2a36fc1dd0494a7f2fad83a0a684465b6f24b46fe80",
                "sha256:2f5fa187bde8524b1e37ba894db13aadd64faa884657473b03a019f625cee9a8",
                "sha256:2f6ffc6701a0eb28648c845f4945a194dc7ab3c651f535b81793251e1185ac3d",
                "sha256:314ccc4264ce7d854941231cf71b592e30d8d368a71e50197c905874feacc8a8",
                "sha256:36026d8f99c58d7044413e1b819a67ca0e0b8ebe0f25e775e6c3d1fabb3c38fb",
                "sha256:36099c69f6b14fc2c49d7996cbf4f87ec4f0e66d1c74aa05228583225a07b590",
                "sha256:36fa402dcdc8ea7f1b0ddcf0df4254cc6b2e08f8cd80e7010d4c4ae6e86b2a87",
                "sha256:370ffecb5316ed23b667d99ce4debe53ea664b99cc37bfa2af47bc769056d534",
                "sha256:3860c62057acd95cc84044e758e47b18dcd8871a328ebc8ccdefd18b0d26a21b",
                "sha256:399ac0891c284fa8eb998bcfa323f2234858f5d2efca3950ae58c8f88830f145",
                "sha256:3a0b5db001b98e1c649dd55afa928e75aa4087e587b9524a4992316fa23c9fba",
                "sha256:3dcf1978be02153c6a31692d4fbcc2a3f1db9da36039ead23173bc256ee3b91b",
                "sha256:4241204e4b36ab5ae466ecec5c4c16527a054c69f99bba20f6f75232a6a534e2",
                "sha256:438027a975cc213a47c5d70672e0d29776082155cfae540c4e225716586be75e",
                "sha256:43e166ad47ba900f2542a80d83f9fc65fe99eb63ceec4debec160ae729824052",
                "sha256:478e9e7b360dfec451daafe286998d4a1eeaecf6d69c427b834ae771cad4b622",
                "sha256:4ce8299b481bcb68e5c82002b96e411796b844d72b3e92a3fbedfe8e19813eab",
                "sha256:4f86f1f318e56f5cbb282fe61eb84767aee743ebe32c7c0834690ebea50c0a6b",
                "sha256:55a23dcd98c858c0db44fc5c04fc7ed81c4b4d33c653a7c45ddaebf6563a2f66",
                "sha256:599c87d79cab2a6a2a9df4aefe0455e61e7d2aeede2f8577c1b7c0aec643ee8e",
                "sha256:5aa90562bc079c6c290f0512b21768967f9968e4cfea84ea4ff5af5d917016e4",
                "sha256:64634ccf9d671c6be242a664a33c4acf12882670b09b3f163cd00a24cffbd74e",
                "sha256:667aa2eac9cd0700af1ddb38b7b1ef246d8cf94c85637cbb03d7757ca4c3fdec",
                "sha256:6a31d98c0d69776c2576dda4b77b8e0c69ad08e8b539c25c7d0ca0dc19a50d6c",
                "sha256:6af4b3f52cc65f8a0bc8b1cd9676f8c21ef3e9132f21fed250f6958bd7223bed",
                "sha256:6c8edaea3089bf908dd27da8f5d9e395c5b4dc092dbcce9b65e7156099b4b937",
                "sha256:71d72ca5eaaa8d38c8df16b7deb1a2da4f650c41b58bb142f3fb75d5ad4a611f",
                "sha256:72f9a942d739f09cd42fffe5dc759928217649f070056f03c70df14f5770acf9",
                "sha256:747265448cb57a9f37572a488a57d873fd96bf51e5bb7edb52cfb37124516da4",
                "sha256:75ec284328b60a4e91010c1acade0c30584f28a1f345bc8f72fe8b9e46ec6a96",
                "sha256:78d0768ee59baa3de0f4adac9e3748b4b1fffc52143caebddfd5ea2961595277",
                "sha256:78ee52ecc088c61cce32b2d30a826f929e1708f7b9247dc3b921aec367dc1b23",
                "sha256:7be719e4d2ae6c314f72844ba9d69e38dff342bc360379f7c8537c48e23034b7",
                "sha256:7e1f4744eea1501404b20b0ac059ff7e3f96a97d3e3f48ce27a139e053bb370b",
                "sha256:7e90d6cc4aad2cc1f5e16ed56e46cebf4877c62403a311af20459c15da76fd91",
                "sha256:7ebe3416785f65c28f4f9441e916bfc8a54179c8dea73c23023f7086fa601c5d",
                "sha256:7f41533d7e3cf9520065f610b41ac1c76bc2161415955fbcead4981b22c7611e",
                "sha256:7f5025db12fc6de7bc1104d826d5aee1d172f9ba6ca936bf6474c2148ac336c1",
                "sha256:86c963186ca5e50d5c8287b1d1c9d3f8f024cbe343d048c5bd282aec2d8641f2",
                "sha256:86ce5fcfc3accf3a07a729779d0b86c5d0309a4764c897d86c11089be61da160",
                "sha256:8a14c192c1d724c3acbfb3f10a958c55a2638391319ce8078cb36c02283959b9",
                "sha256:8b93785eadaef932e4fe9c6e12ba67beb1b3f1e5495631419c784ab87e975670",
                "sha256:8ed1af8692bd8d2a29d702f1a2e6065416d76897d726e45a1775b1444f5928a7",
                "sha256:92879bce89f91f4b2416eba4429c7b5ca22c45ef4a499c39f0c5c69257522c7c",
                "sha256:94fc0e6621e07d1e91c44e016cc0b189b48db053061cc22d6298a611de8071bb",
                "sha256:982487f8931067a32e72d40ab6b47b1628a9c5d344be7f1a4e668fb462d2da42",
                "sha256:9862bf828112e19685b76ca499b379338fd4c5c269d897e218b2ae8fcb80139d",
                "sha256:99b14dbea2fdb563d8b5a57c9badfcd72083f6006caf8e126b491519c7d64ca8",
                "sha256:9c6a5c79b28003543db3ba67d1df336f253a87d3112dac3a51b94f7d48e4c0e1",
                "sha256:a19b794f8fe6569472ff77602437ec4430f9b2b9ec7a1105cfd2232f9ba355e6",
                "sha256:a306cdd2ad3a7d795d8e617a58c3a2ed0f76c8496fb7621b6cd514eb1532cae8",
                "sha256:a3dde6cac75e0b0902778978d3b1646ca9f438654395a362cb21d9ad34b24acf",
                "sha256:a874f21f87c485310944b2b2734cd6d318765bcbb7515eead33af9641816506e",
                "sha256:a983cca5ed1dd9a35e9e42ebf9f278d344603bfcb174ff99a5815f953925140a",
                "sha256:aca48506a9c20f68ee61c87f2008f81f8ee99f8d7f0104bff3c47e2d148f89d9",
                "sha256:b2602177668f89b38b9f84b7b3435d0a72511ddef45dc14446811759b82235a1",
                "sha256:b3e5fe4538001bb82e2295b8d2a39356a84694c97cb73a566dc36328b9f83b40",
                "sha256:b6ca36c12a5120bad343eef193cc0122928c5c7466121da7c20f41160ba00ba2",
                "sha256:b89f4477d915ea43b4ceea6756f63f0288941b6443a2b28c69004fe07fde0d0d",
                "sha256:b9a9d92f10772d2a181b5ca339dee066ab7d1c9a34ae2421b2a52556e719756f",
                "sha256:c99462ffc538717b3e60151dfaf91125f637e801f5ab008f81c402f1dff0cd0f",
                "sha256:cb92f9061657287eded380d7dc455bbf115430b3aa4741bdc662d02977e7d0af",
                "sha256:cdee837710ef6b56ebd20245b83799fce40b265b3b406e51e8ccc5b85b9099b7",
                "sha256:cf10b7d58ae4a1f07fccbf4a0a956d705356fea05fb4c70608bb6fa81d103cda",
                "sha256:d15687d7d7f40333bd8266f3814c591c2e2cd263fa2116e314f60d82086e353a",
                "sha256:d5c28525c19f5bb1e09511669bb57353d22b94cf8b65f3a8d141c389a55dec95",
                "sha256:d5f916acf8afbcab6bacbb376ba7dc61f845367901ecd5e328fc4d4aef2fcab0",
                "sha256:dab03ed811ed1c71d700ed08bde8431cf429bbe59e423394f0f4055f1ca0ea60",
                "sha256:db453f2da3f59a348f514cfbfeb042393b68720787bbef2b4c6068ea362c8149",
                "sha256:de2a0645a923ba57c5527497daf8ec5df69c6eadf869e9cd46e86349146e5975",
                "sha256:dea7fcd62915fb150cdc373212141a30037e11b761fbced340e9db3379b892d4",
                "sha256:dfcbebdb3c4b6f739a91769aea5ed615023f3c88cb70df812849aef634c25fbe",
                "sha256:dfcebb950aa7e667ec226a442722134539e77c575f6cfaa423f24371bb8d2e94",
                "sha256:e0641b506486f0b4cd1500a2a65740243e8670a2549bb02bc4556a83af84ae03",
                "sha256:e33b0834f1cf779aa839975f9d8755a7c2420510c0fa1e9fa0497de77cd35d2c",
                "sha256:e4ace1e220b078c8e48e82c081e35002038657e4b37d403ce940fa679e57113b",
                "sha256:e4cf2d5829f6963a5483ec01578ee76d329eb5caf330ecd05b3edd697e7d768a",
                "sha256:e574de99d735b3fc8364cba9912c2bec2da78775eba95cbb225ef7dda6acea24",
                "sha256:e646c0e282e960345314f42f2cea5e0b5f56938c093541ea6dbf11aec2862391",
                "sha256:e8a5ac97ea521d7bde7621d86c30e86b798cdecd985723c4ed737a2aa9e77d0c",
                "sha256:eedf97be7bc3dbc8addcef4142f4b4164066df0c6f36397ae4aaed3eb187d8ab",
                "sha256:ef633add81832f4b56d3b4c9408b43d530dfca29e68fb1b797dcb861a2c734cd",
                "sha256:f27207e8ca3e5e021e2402ba942e5b4c629718e665c81b8b306f3c8b1ddbb786",
                "sha256:f85f3843bdb1fe80e8c206fe6eed7a1caeae897e496542cee499c374a85c6e08",
                "sha256:f8e81e4b55930e5ffab4a68db1af431629cf2e4066dbdbfef65348b8ab804ea8",
                "sha256:f96ae96a060a8072ceff4cfde89d261837b4294a4f28b84a28765470d502ccc6",
                "sha256:fd9e98b408384989ea4ab60206b8e100d8687da18b5c813c11e92fd8212a98e0",
                "sha256:ffff855100bc066ff2cd3aa4a60bc9534661816b110f0243e59503ec2df38421"
            ],
            "markers": "python_version >= '3.7'",
            "version": "==2.14.6"
        },
        "pymongo": {
            "hashes": [
                "sha256:03e0f9901ad66c6fb7da0d303461377524d61dab93a4e4e5af44164c5bb4db76",
                "sha256:1421d0bd2ce629405f5157bd1aaa9b83f12d53a207cf68a43334f4e4ee312b66",
                "sha256:1c90c848a5e45475731c35097f43026b88ef14a771dfd08f20b67adc160a3f79",
                "sha256:1cc1febf17646d52b7561caa762f60bdfe2cbdf3f3e70772f62eb624269f9c05",
                "sha256:23b1e9dabd61da1c7deb54d888f952f030e9e35046cebe89309b28223345b3d9",
                "sha256:26140fbb3f6a9a74bd73ed46d0b1f43d5702e87a6e453a31b24fad9c19df9358",
                "sha256:2c59c2c9e70f63a7f18a31e367898248c39c068c639b0579623776f637e8f482",
                "sha256:3564f423958fced8a8c90940fd2f543c27adbcd6c7c6ed6715d847053f6200a0",
                "sha256:35ba90477fae61c65def6e7d09e8040edfdd3b7fd47c3c258b4edded60c4d625",
                "sha256:397fed21afec4fdaecf72f9c4344b692e489756030a9c6d864393e00c7e80491",
                "sha256:3a0e81c8dba6d825272867d487f18764cfed3c736d71d7d4ff5b79642acbed42",
                "sha256:413506bd48d8c31ee100645192171e4773550d7cb940b594d5175ac29e329ea1",
                "sha256:4225100b2c5d1f7393d7c5d256ceb8b20766830eecf869f8ae232776347625a6",
                "sha256:487e2f9277f8a63ac89335ec4f1699ae0d96ebd06d239480d69ed25473a71b2c",
                "sha256:4a4cc91c28e81c0ce03d3c278e399311b0af44665668a91828aec16527082676",
                "sha256:4c3cba427dac50944c050c96d958c5e643c33a457acee03bae27c8990c5b9c16",
                "sha256:4d719a643ea6da46d215a3ba51dac805a773b611c641319558d8576cbe31cef8",
                "sha256:517243b2b189c98004570dd8fc0e89b1a48363d5578b3b99212fa2098b2ea4b8",
                "sha256:5f3569ed119bf99c0f39ac9962fb5591eff02ca210fe80bb5178d7a1171c1b1e",
                "sha256:6354a66b228f2cd399be7429685fb68e07f19110a3679782ecb4fdb68da03831",
                "sha256:6db3d608d541a444c84f0bfc7bad80b0b897e0f4afa580a53f9a944065d9b633",
                "sha256:6e2287f1e2cc35e73cd74a4867e398a97962c5578a3991c730ef78d276ca8e46",
                "sha256:79cc6459209e885ba097779eaa0fe7f2fa049db39ab43b1731cf8d065a4650e8",
                "sha256:7a8af8a38fa6951fff73e6ff955a6188f829b29fed7c5a1b739a306b4aa56fe8",
                "sha256:82a97d8f7f138586d9d0a0cff804a045cdbbfcfc1cd6bba542b151e284fbbec5",
                "sha256:88fc1d146feabac4385ea8ddb1323e584922922641303c8bf392fe1c36803463",
                "sha256:89872041196c008caddf905eb59d3dc2d292ae6b0282f1138418e76f3abd3ad6",
                "sha256:8d00a5d8fc1043a4f641cbb321da766699393f1b6f87c70fae8089d61c9c9c54",
                "sha256:8dfcf18a49955d50a16c92b39230bd0668ffc9c164ccdfe9d28805182b48fa72",
                "sha256:8e28feb18dc559d50ededba27f9054c79f80c4edd70a826cecfe68f3266807b3",
                "sha256:8ed1132f58c38add6b6138b771d0477a3833023c015c455d9a6e26f367f9eb5c",
                "sha256:92dd247727dd83d1903e495acc743ebd757f030177df289e3ba4ef8a8c561fad",
                "sha256:9377b868c38700c7557aac1bc4baae29f47f1d279cc76b60436e547fd643318c",
                "sha256:94baa5fc7f7d22c3ce2ac7bd92f7e03ba7a6875f2480e3b97a400163d6eaafc9",
                "sha256:9a870824aa54453aee030bac08c77ebcf2fe8999400f0c2a065bebcbcd46b7f8",
                "sha256:9aa8735955c70892634d7e61b0ede9b1eefffd3cd09ccabee0ffcf1bdfe62254",
                "sha256:9cf2069f5d37c398186453589486ea98bb0312214c439f7d320593b61880dc05",
                "sha256:a46cffe91912570151617d866a25d07b9539433a32231ca7e7cf809b6ba1745f",
                "sha256:a7a5fd893edbeb7fa982f8d44b6dd0186b6cd86c89e23f6ef95049ff72bffe46",
                "sha256:b3a8a1ef4a824f5feb793b3231526d0045eadb5eb01080e38435dfc40a26c3e5",
                "sha256:c168a2fadc8b19071d0a9a4f85fe38f3029fe22163db04b4d5c046041c0b14bd",
                "sha256:c450ab2f9397e2d5caa7fddeb4feb30bf719c47c13ae02c0bbb3b71bf4099c1c",
                "sha256:c6bfa29f032fd4fd7b129520f8cdb51ab71d88c2ba0567cccd05d325f963acb5",
                "sha256:cb30c8a78f5ebaca98640943447b6a0afcb146f40b415757c9047bf4a40d07b4",
                "sha256:d08165fd82c89d372e82904c3268bd8fe5de44f92a00e97bb1db1785154397d9",
                "sha256:d14e5e89a4be1f10efc3d9dcb13eb7a3b2334599cb6bb5d06c6a9281b79c8e22",
                "sha256:d2f52b38151e946011d888a8441d3d75715c663fc5b41a7ade595e924e12a90a",
                "sha256:d3ed97b89de62ea927b672ad524de0d23f3a6b4a01c8d10e3d224abec973fbc3",
                "sha256:d8b1e06f361f3c66ee694cb44326e1a2e4f93bc9c3a4849ae8547889fca71154",
                "sha256:da4a6a7b4f45329bb135aa5096823637bd5f760b44d6224f98190ee367b6b5dd",
                "sha256:de3b9db558930efab5eaef4db46dcad8bf61ac3ddfd5751b3e5ac6084a25e366",
                "sha256:dfd7b3d3f4261bddbb74a332d87581bc523353e62bb9da4027cc7340f6fcbebc",
                "sha256:e90af2ad3a8a7c295f4d09a2fbcb9a350c76d6865f787c07fe843b79c6e821d1",
                "sha256:e9580b4537b3cc5d412070caabd1dabdf73fdce249793598792bac5782ecf2eb",
                "sha256:eb383c54c0c8ba27e7712b954fcf2a0905fee82a929d277e2e94ad3a5ba3c7db",
                "sha256:f0e149217ef62812d3c2401cf0e2852b0c57fd155297ecc4dcd67172c4eca402",
                "sha256:f21ecddcba2d9132d5aebd8e959de8d318c29892d0718420447baf2b9bccbb19",
                "sha256:f598be401b416319a535c386ac84f51df38663f7a9d1071922bda4d491564422",
                "sha256:f7ee974f8b9370a998919c55b1050889f43815ab588890212023fecbc0402a6d",
                "sha256:f903075f8625e2d228f1b9b9a0cf1385f1c41e93c03fd7536c91780a0fb2e98f"
            ],
            "index": "pypi",
            "version": "==4.7.3"
        },
        "python-dotenv": {
            "hashes": [
                "sha256:1c93de8f636cde3ce377292818d0e440b6e45a82f215c3744979151fa8151c49",
                "sha256:41e12e0318bebc859fcc4d97d4db8d20ad21721a6aa5047dd59f090391cb549a"
            ],
            "index": "pypi",
            "version": "==0.21.1"
        },
        "typing-extensions": {
            "hashes": [
                "sha256:440d5dd3af93b060174bf433bccd69b0babc3b15b1a8dca43789fd7f61514b36",
                "sha256:b75ddc264f0ba5615db7ba217daeb99701ad295353c45f9e95963337ceeeffb2"
            ],
            "markers": "python_version >= '3.7'",
            "version": "==4.7.1"
        },
        "zipp": {
            "hashes": [
                "sha256:112929ad649da941c23de50f356a2b5570c954b65150642bccdd66bf194d224b",
                "sha256:48904fc76a60e542af151aded95726c1a5c34ed43ab4134b597665c86d7ad556"
            ],
            "markers": "python_version >= '3.7'",
            "version": "==3.15.0"
        }
    },
    "develop": {}
}
